
Microsoft Visual Studio Solution File, Format Version 12.00
# Visual Studio Version 17
VisualStudioVersion = 17.2.32630.192
MinimumVisualStudioVersion = 10.0.40219.1
Project("{FAE04EC0-301F-11D3-BF4B-00C04F79EFBC}") = "Calculator", "calculator\Calculator.csproj", "{03B68888-298F-4FD8-A5BB-A4CF1099AC8B}"
EndProject
Project("{FAE04EC0-301F-11D3-BF4B-00C04F79EFBC}") = "CalculatorMsTest", "CalculatorMsTest\CalculatorMsTest.csproj", "{D1A427BA-5503-47E7-95F3-14938FB3B53D}"
EndProject
Project("{FAE04EC0-301F-11D3-BF4B-00C04F79EFBC}") = "CalculatorNunitTest", "CalculatorNunit\CalculatorNunitTest.csproj", "{FF83509B-2CEB-46DB-BC0B-4C342C5B76FF}"
EndProject
Global
	GlobalSection(SolutionConfigurationPlatforms) = preSolution
		Debug|Any CPU = Debug|Any CPU
		Release|Any CPU = Release|Any CPU
	EndGlobalSection
	GlobalSection(ProjectConfigurationPlatforms) = postSolution
		{03B68888-298F-4FD8-A5BB-A4CF1099AC8B}.Debug|Any CPU.ActiveCfg = Debug|Any CPU
		{03B68888-298F-4FD8-A5BB-A4CF1099AC8B}.Debug|Any CPU.Build.0 = Debug|Any CPU
		{03B68888-298F-4FD8-A5BB-A4CF1099AC8B}.Release|Any CPU.ActiveCfg = Release|Any CPU
		{03B68888-298F-4FD8-A5BB-A4CF1099AC8B}.Release|Any CPU.Build.0 = Release|Any CPU
		{D1A427BA-5503-47E7-95F3-14938FB3B53D}.Debug|Any CPU.ActiveCfg = Debug|Any CPU
		{D1A427BA-5503-47E7-95F3-14938FB3B53D}.Debug|Any CPU.Build.0 = Debug|Any CPU
		{D1A427BA-5503-47E7-95F3-14938FB3B53D}.Release|Any CPU.ActiveCfg = Release|Any CPU
		{D1A427BA-5503-47E7-95F3-14938FB3B53D}.Release|Any CPU.Build.0 = Release|Any CPU
		{FF83509B-2CEB-46DB-BC0B-4C342C5B76FF}.Debug|Any CPU.ActiveCfg = Debug|Any CPU
		{FF83509B-2CEB-46DB-BC0B-4C342C5B76FF}.Debug|Any CPU.Build.0 = Debug|Any CPU
		{FF83509B-2CEB-46DB-BC0B-4C342C5B76FF}.Release|Any CPU.ActiveCfg = Release|Any CPU
		{FF83509B-2CEB-46DB-BC0B-4C342C5B76FF}.Release|Any CPU.Build.0 = Release|Any CPU
	EndGlobalSection
	GlobalSection(SolutionProperties) = preSolution
		HideSolutionNode = FALSE
	EndGlobalSection
	GlobalSection(ExtensibilityGlobals) = postSolution
		SolutionGuid = {F8DFA7EF-DC41-4492-BF6F-7CDCEC06108D}
	EndGlobalSection
EndGlobal
